
Microsoft Visual Studio Solution File, Format Version 12.00
# Visual Studio Version 16
VisualStudioVersion = 16.0.31129.286
MinimumVisualStudioVersion = 10.0.40219.1
Project("{FAE04EC0-301F-11D3-BF4B-00C04F79EFBC}") = "Tic-Tac-Toe-Game", "Tic-Tac-Toe-Game.csproj", "{73F1D3E6-9F8F-43C5-A0C5-FB781ED043D1}"
EndProject
Global
	GlobalSection(SolutionConfigurationPlatforms) = preSolution
		Debug|Any CPU = Debug|Any CPU
		Release|Any CPU = Release|Any CPU
	EndGlobalSection
	GlobalSection(ProjectConfigurationPlatforms) = postSolution
		{73F1D3E6-9F8F-43C5-A0C5-FB781ED043D1}.Debug|Any CPU.ActiveCfg = Debug|Any CPU
		{73F1D3E6-9F8F-43C5-A0C5-FB781ED043D1}.Debug|Any CPU.Build.0 = Debug|Any CPU
		{73F1D3E6-9F8F-43C5-A0C5-FB781ED043D1}.Release|Any CPU.ActiveCfg = Release|Any CPU
		{73F1D3E6-9F8F-43C5-A0C5-FB781ED043D1}.Release|Any CPU.Build.0 = Release|Any CPU
	EndGlobalSection
	GlobalSection(SolutionProperties) = preSolution
		HideSolutionNode = FALSE
	EndGlobalSection
	GlobalSection(ExtensibilityGlobals) = postSolution
		SolutionGuid = {54B27637-AFCF-4ECD-8E4F-C6494A3C4A01}
	EndGlobalSection
EndGlobal
